
Microsoft Visual Studio Solution File, Format Version 12.00
# Visual Studio 14
VisualStudioVersion = 14.0.25420.1
MinimumVisualStudioVersion = 10.0.40219.1
Project("{FAE04EC0-301F-11D3-BF4B-00C04F79EFBC}") = "DTO", "DTO\DTO.csproj", "{A9C790B4-D8B9-477B-8CD8-A1DD8B37F3D8}"
EndProject
Project("{FAE04EC0-301F-11D3-BF4B-00C04F79EFBC}") = "BUS", "BUS\BUS.csproj", "{877C5D4B-461D-4B3B-A8DA-900BD8645A37}"
EndProject
Project("{FAE04EC0-301F-11D3-BF4B-00C04F79EFBC}") = "GUI", "GUI\GUI.csproj", "{FCAAF427-E401-416E-B4D1-EC4BA7C98186}"
EndProject
Project("{FAE04EC0-301F-11D3-BF4B-00C04F79EFBC}") = "DAO", "DAO\DAO.csproj", "{2BA42629-62AD-42CD-A35B-8E7C3B641639}"
EndProject
Global
	GlobalSection(SolutionConfigurationPlatforms) = preSolution
		Debug|Any CPU = Debug|Any CPU
		Release|Any CPU = Release|Any CPU
	EndGlobalSection
	GlobalSection(ProjectConfigurationPlatforms) = postSolution
		{A9C790B4-D8B9-477B-8CD8-A1DD8B37F3D8}.Debug|Any CPU.ActiveCfg = Debug|Any CPU
		{A9C790B4-D8B9-477B-8CD8-A1DD8B37F3D8}.Debug|Any CPU.Build.0 = Debug|Any CPU
		{A9C790B4-D8B9-477B-8CD8-A1DD8B37F3D8}.Release|Any CPU.ActiveCfg = Release|Any CPU
		{A9C790B4-D8B9-477B-8CD8-A1DD8B37F3D8}.Release|Any CPU.Build.0 = Release|Any CPU
		{877C5D4B-461D-4B3B-A8DA-900BD8645A37}.Debug|Any CPU.ActiveCfg = Debug|Any CPU
		{877C5D4B-461D-4B3B-A8DA-900BD8645A37}.Debug|Any CPU.Build.0 = Debug|Any CPU
		{877C5D4B-461D-4B3B-A8DA-900BD8645A37}.Release|Any CPU.ActiveCfg = Release|Any CPU
		{877C5D4B-461D-4B3B-A8DA-900BD8645A37}.Release|Any CPU.Build.0 = Release|Any CPU
		{FCAAF427-E401-416E-B4D1-EC4BA7C98186}.Debug|Any CPU.ActiveCfg = Debug|Any CPU
		{FCAAF427-E401-416E-B4D1-EC4BA7C98186}.Debug|Any CPU.Build.0 = Debug|Any CPU
		{FCAAF427-E401-416E-B4D1-EC4BA7C98186}.Release|Any CPU.ActiveCfg = Release|Any CPU
		{FCAAF427-E401-416E-B4D1-EC4BA7C98186}.Release|Any CPU.Build.0 = Release|Any CPU
		{2BA42629-62AD-42CD-A35B-8E7C3B641639}.Debug|Any CPU.ActiveCfg = Debug|Any CPU
		{2BA42629-62AD-42CD-A35B-8E7C3B641639}.Debug|Any CPU.Build.0 = Debug|Any CPU
		{2BA42629-62AD-42CD-A35B-8E7C3B641639}.Release|Any CPU.ActiveCfg = Release|Any CPU
		{2BA42629-62AD-42CD-A35B-8E7C3B641639}.Release|Any CPU.Build.0 = Release|Any CPU
	EndGlobalSection
	GlobalSection(SolutionProperties) = preSolution
		HideSolutionNode = FALSE
	EndGlobalSection
	GlobalSection(ExtensibilityGlobals) = postSolution
		SolutionGuid = {A802ED76-690A-476B-94B4-21FEB8608E6D}
	EndGlobalSection
EndGlobal
