
Microsoft Visual Studio Solution File, Format Version 12.00
# Visual Studio 15
VisualStudioVersion = 15.0.28307.902
MinimumVisualStudioVersion = 10.0.40219.1
Project("{FAE04EC0-301F-11D3-BF4B-00C04F79EFBC}") = "DoAnCuoiKi", "DoAnCuoiKi\DoAnCuoiKi.csproj", "{BFDFCEBA-52E7-4637-8AE0-C9B0E91BE2A0}"
EndProject
Global
	GlobalSection(SolutionConfigurationPlatforms) = preSolution
		Debug|Any CPU = Debug|Any CPU
		Release|Any CPU = Release|Any CPU
	EndGlobalSection
	GlobalSection(ProjectConfigurationPlatforms) = postSolution
		{BFDFCEBA-52E7-4637-8AE0-C9B0E91BE2A0}.Debug|Any CPU.ActiveCfg = Debug|Any CPU
		{BFDFCEBA-52E7-4637-8AE0-C9B0E91BE2A0}.Debug|Any CPU.Build.0 = Debug|Any CPU
		{BFDFCEBA-52E7-4637-8AE0-C9B0E91BE2A0}.Release|Any CPU.ActiveCfg = Release|Any CPU
		{BFDFCEBA-52E7-4637-8AE0-C9B0E91BE2A0}.Release|Any CPU.Build.0 = Release|Any CPU
	EndGlobalSection
	GlobalSection(SolutionProperties) = preSolution
		HideSolutionNode = FALSE
	EndGlobalSection
	GlobalSection(ExtensibilityGlobals) = postSolution
		SolutionGuid = {A802ED76-690A-476B-94B4-21FEB8608E6D}
	EndGlobalSection
EndGlobal
